{
  "name": "open_learn",
  "lockfileVersion": 3,
  "requires": true,
  "packages": {
    "": {
      "dependencies": {
        "gridstack": "^12.1.2"
      }
    },
    "node_modules/gridstack": {
      "version": "12.1.2",
      "resolved": "https://registry.npmjs.org/gridstack/-/gridstack-12.1.2.tgz",
      "integrity": "sha512-IC1mkm5xonhAnftwIxsG+B3bawxC61ciKWEvX15ExpVQPbNVN7O9aZZhM7Y/eE4JaIR8PXrdkjd12gMnwNYRLQ==",
      "funding": [
        {
          "type": "paypal",
          "url": "https://www.paypal.me/alaind831"
        },
        {
          "type": "venmo",
          "url": "https://www.venmo.com/adumesny"
        }
      ]
    }
  }
}
